<Solution>
  <Folder Name="/Solution Items/">
    <File Path=".gitignore" />
    <File Path="CLAUDE.md" />
    <File Path="README.md" />
    <File Path="TODO.md" />
  </Folder>
  <Folder Name="/src/">
    <Project Path="src/VeSessionManager.Core/VeSessionManager.Core.csproj" />
    <Project Path="src/VeSessionManager.Web/VeSessionManager.Web.csproj" />
    <Project Path="src/VeSessionManager.Worker/VeSessionManager.Worker.csproj" />
  </Folder>
  <Folder Name="/tests/">
    <Project Path="tests/VeSessionManager.Core.Tests/VeSessionManager.Core.Tests.csproj" />
    <Project Path="tests/VeSessionManager.Web.Tests/VeSessionManager.Web.Tests.csproj" />
  </Folder>
</Solution>
